
Microsoft Visual Studio Solution File, Format Version 12.00
# Visual Studio 15
VisualStudioVersion = 15.0.28307.421
MinimumVisualStudioVersion = 10.0.40219.1
Project("{FAE04EC0-301F-11D3-BF4B-00C04F79EFBC}") = "leadtec_new", "leadtec_new\leadtec_new.csproj", "{46112E50-7D89-480B-B990-B981150D14B9}"
EndProject
Global
	GlobalSection(SolutionConfigurationPlatforms) = preSolution
		Debug|Any CPU = Debug|Any CPU
		Release|Any CPU = Release|Any CPU
	EndGlobalSection
	GlobalSection(ProjectConfigurationPlatforms) = postSolution
		{46112E50-7D89-480B-B990-B981150D14B9}.Debug|Any CPU.ActiveCfg = Debug|Any CPU
		{46112E50-7D89-480B-B990-B981150D14B9}.Debug|Any CPU.Build.0 = Debug|Any CPU
		{46112E50-7D89-480B-B990-B981150D14B9}.Release|Any CPU.ActiveCfg = Release|Any CPU
		{46112E50-7D89-480B-B990-B981150D14B9}.Release|Any CPU.Build.0 = Release|Any CPU
	EndGlobalSection
	GlobalSection(SolutionProperties) = preSolution
		HideSolutionNode = FALSE
	EndGlobalSection
	GlobalSection(ExtensibilityGlobals) = postSolution
		SolutionGuid = {91E4C624-A995-467E-AEA8-D874F830CAA8}
	EndGlobalSection
EndGlobal
